
Microsoft Visual Studio Solution File, Format Version 12.00
# Visual Studio 15
VisualStudioVersion = 15.0.28010.2046
MinimumVisualStudioVersion = 10.0.40219.1
Project("{9A19103F-16F7-4668-BE54-9A1E7A4F7556}") = "Scheduler", "Scheduler\Scheduler.csproj", "{466299C4-F4B2-4520-8A43-7212EC31452B}"
EndProject
Project("{9A19103F-16F7-4668-BE54-9A1E7A4F7556}") = "SchedulerTests", "Test\SchedulerTests.csproj", "{844A281B-41B0-4399-A852-115BF4AF8EAF}"
EndProject
Project("{9A19103F-16F7-4668-BE54-9A1E7A4F7556}") = "SynchronizedSum", "SynchronizedSum\SynchronizedSum.csproj", "{1E9A5F8E-9ABE-457C-A7AC-9F535DEED351}"
EndProject
Project("{FAE04EC0-301F-11D3-BF4B-00C04F79EFBC}") = "RedWhite", "RedWhite\RedWhite.csproj", "{9136D67B-4537-49E9-A73D-8E567A96E5EB}"
EndProject
Global
	GlobalSection(SolutionConfigurationPlatforms) = preSolution
		Debug|Any CPU = Debug|Any CPU
		Release|Any CPU = Release|Any CPU
	EndGlobalSection
	GlobalSection(ProjectConfigurationPlatforms) = postSolution
		{466299C4-F4B2-4520-8A43-7212EC31452B}.Debug|Any CPU.ActiveCfg = Debug|Any CPU
		{466299C4-F4B2-4520-8A43-7212EC31452B}.Debug|Any CPU.Build.0 = Debug|Any CPU
		{466299C4-F4B2-4520-8A43-7212EC31452B}.Release|Any CPU.ActiveCfg = Release|Any CPU
		{466299C4-F4B2-4520-8A43-7212EC31452B}.Release|Any CPU.Build.0 = Release|Any CPU
		{844A281B-41B0-4399-A852-115BF4AF8EAF}.Debug|Any CPU.ActiveCfg = Debug|Any CPU
		{844A281B-41B0-4399-A852-115BF4AF8EAF}.Debug|Any CPU.Build.0 = Debug|Any CPU
		{844A281B-41B0-4399-A852-115BF4AF8EAF}.Release|Any CPU.ActiveCfg = Release|Any CPU
		{844A281B-41B0-4399-A852-115BF4AF8EAF}.Release|Any CPU.Build.0 = Release|Any CPU
		{1E9A5F8E-9ABE-457C-A7AC-9F535DEED351}.Debug|Any CPU.ActiveCfg = Debug|Any CPU
		{1E9A5F8E-9ABE-457C-A7AC-9F535DEED351}.Debug|Any CPU.Build.0 = Debug|Any CPU
		{1E9A5F8E-9ABE-457C-A7AC-9F535DEED351}.Release|Any CPU.ActiveCfg = Release|Any CPU
		{1E9A5F8E-9ABE-457C-A7AC-9F535DEED351}.Release|Any CPU.Build.0 = Release|Any CPU
		{9136D67B-4537-49E9-A73D-8E567A96E5EB}.Debug|Any CPU.ActiveCfg = Debug|Any CPU
		{9136D67B-4537-49E9-A73D-8E567A96E5EB}.Debug|Any CPU.Build.0 = Debug|Any CPU
		{9136D67B-4537-49E9-A73D-8E567A96E5EB}.Release|Any CPU.ActiveCfg = Release|Any CPU
		{9136D67B-4537-49E9-A73D-8E567A96E5EB}.Release|Any CPU.Build.0 = Release|Any CPU
	EndGlobalSection
	GlobalSection(SolutionProperties) = preSolution
		HideSolutionNode = FALSE
	EndGlobalSection
	GlobalSection(ExtensibilityGlobals) = postSolution
		SolutionGuid = {5490E7BD-1058-4AF7-97AE-D500C9715EA6}
	EndGlobalSection
EndGlobal
